
Microsoft Visual Studio Solution File, Format Version 12.00
# Visual Studio 15
VisualStudioVersion = 15.0.28307.572
MinimumVisualStudioVersion = 10.0.40219.1
Project("{FAE04EC0-301F-11D3-BF4B-00C04F79EFBC}") = "BusinessLogic", "BusinessLogic\BusinessLogic.csproj", "{843A3FA5-5559-4CE6-AE71-4EDC2CFABF82}"
EndProject
Project("{FAE04EC0-301F-11D3-BF4B-00C04F79EFBC}") = "BusinessLogicTests", "BusinessLogicTests\BusinessLogicTests.csproj", "{7695320D-8924-4996-989C-2A932C383523}"
EndProject
Global
	GlobalSection(SolutionConfigurationPlatforms) = preSolution
		Debug|Any CPU = Debug|Any CPU
		Release|Any CPU = Release|Any CPU
	EndGlobalSection
	GlobalSection(ProjectConfigurationPlatforms) = postSolution
		{843A3FA5-5559-4CE6-AE71-4EDC2CFABF82}.Debug|Any CPU.ActiveCfg = Debug|Any CPU
		{843A3FA5-5559-4CE6-AE71-4EDC2CFABF82}.Debug|Any CPU.Build.0 = Debug|Any CPU
		{843A3FA5-5559-4CE6-AE71-4EDC2CFABF82}.Release|Any CPU.ActiveCfg = Release|Any CPU
		{843A3FA5-5559-4CE6-AE71-4EDC2CFABF82}.Release|Any CPU.Build.0 = Release|Any CPU
		{7695320D-8924-4996-989C-2A932C383523}.Debug|Any CPU.ActiveCfg = Debug|Any CPU
		{7695320D-8924-4996-989C-2A932C383523}.Debug|Any CPU.Build.0 = Debug|Any CPU
		{7695320D-8924-4996-989C-2A932C383523}.Release|Any CPU.ActiveCfg = Release|Any CPU
		{7695320D-8924-4996-989C-2A932C383523}.Release|Any CPU.Build.0 = Release|Any CPU
	EndGlobalSection
	GlobalSection(SolutionProperties) = preSolution
		HideSolutionNode = FALSE
	EndGlobalSection
	GlobalSection(ExtensibilityGlobals) = postSolution
		SolutionGuid = {1F298C46-836A-4AD1-A4FB-7EED98189655}
	EndGlobalSection
EndGlobal
